
Microsoft Visual Studio Solution File, Format Version 12.00
# Visual Studio 15
VisualStudioVersion = 15.0.28307.329
MinimumVisualStudioVersion = 10.0.40219.1
Project("{FAE04EC0-301F-11D3-BF4B-00C04F79EFBC}") = "DoctorApp", "DoctorApp\DoctorApp.csproj", "{302E872B-F0E0-45D9-B00C-B4A861D8A90B}"
EndProject
Global
	GlobalSection(SolutionConfigurationPlatforms) = preSolution
		Debug|Any CPU = Debug|Any CPU
		Release|Any CPU = Release|Any CPU
	EndGlobalSection
	GlobalSection(ProjectConfigurationPlatforms) = postSolution
		{302E872B-F0E0-45D9-B00C-B4A861D8A90B}.Debug|Any CPU.ActiveCfg = Debug|Any CPU
		{302E872B-F0E0-45D9-B00C-B4A861D8A90B}.Debug|Any CPU.Build.0 = Debug|Any CPU
		{302E872B-F0E0-45D9-B00C-B4A861D8A90B}.Release|Any CPU.ActiveCfg = Release|Any CPU
		{302E872B-F0E0-45D9-B00C-B4A861D8A90B}.Release|Any CPU.Build.0 = Release|Any CPU
	EndGlobalSection
	GlobalSection(SolutionProperties) = preSolution
		HideSolutionNode = FALSE
	EndGlobalSection
	GlobalSection(ExtensibilityGlobals) = postSolution
		SolutionGuid = {DB51A78D-07AC-47A2-A83D-219A834F3700}
	EndGlobalSection
EndGlobal
